
Microsoft Visual Studio Solution File, Format Version 12.00
# Visual Studio Version 17
VisualStudioVersion = 17.8.34322.80
MinimumVisualStudioVersion = 10.0.40219.1
Project("{FAE04EC0-301F-11D3-BF4B-00C04F79EFBC}") = "Benches", "Benches\Benches.csproj", "{94BFC960-08EE-443B-AA6C-D70FED3B901F}"
EndProject
Project("{FAE04EC0-301F-11D3-BF4B-00C04F79EFBC}") = "Beemologanalyzer", "Beemologanalyzer\Beemologanalyzer.csproj", "{EB4C5017-AFAC-4028-B8DA-F8F00933B7F5}"
EndProject
Global
	GlobalSection(SolutionConfigurationPlatforms) = preSolution
		Debug|Any CPU = Debug|Any CPU
		Release|Any CPU = Release|Any CPU
	EndGlobalSection
	GlobalSection(ProjectConfigurationPlatforms) = postSolution
		{94BFC960-08EE-443B-AA6C-D70FED3B901F}.Debug|Any CPU.ActiveCfg = Debug|Any CPU
		{94BFC960-08EE-443B-AA6C-D70FED3B901F}.Debug|Any CPU.Build.0 = Debug|Any CPU
		{94BFC960-08EE-443B-AA6C-D70FED3B901F}.Release|Any CPU.ActiveCfg = Release|Any CPU
		{94BFC960-08EE-443B-AA6C-D70FED3B901F}.Release|Any CPU.Build.0 = Release|Any CPU
		{EB4C5017-AFAC-4028-B8DA-F8F00933B7F5}.Debug|Any CPU.ActiveCfg = Debug|Any CPU
		{EB4C5017-AFAC-4028-B8DA-F8F00933B7F5}.Debug|Any CPU.Build.0 = Debug|Any CPU
		{EB4C5017-AFAC-4028-B8DA-F8F00933B7F5}.Release|Any CPU.ActiveCfg = Release|Any CPU
		{EB4C5017-AFAC-4028-B8DA-F8F00933B7F5}.Release|Any CPU.Build.0 = Release|Any CPU
	EndGlobalSection
	GlobalSection(SolutionProperties) = preSolution
		HideSolutionNode = FALSE
	EndGlobalSection
	GlobalSection(ExtensibilityGlobals) = postSolution
		SolutionGuid = {01A36D7B-BDC7-48D6-95EE-20CC899C1BE8}
	EndGlobalSection
EndGlobal
