
Microsoft Visual Studio Solution File, Format Version 12.00
# Visual Studio Version 17
VisualStudioVersion = 17.8.34322.80
MinimumVisualStudioVersion = 10.0.40219.1
Project("{FAE04EC0-301F-11D3-BF4B-00C04F79EFBC}") = "beemo-log-analyzer", "beemo-log-analyzer\beemo-log-analyzer.csproj", "{507EFCDD-B85E-402E-AECD-9DBDD72F15CB}"
EndProject
Global
	GlobalSection(SolutionConfigurationPlatforms) = preSolution
		Debug|Any CPU = Debug|Any CPU
		Release|Any CPU = Release|Any CPU
	EndGlobalSection
	GlobalSection(ProjectConfigurationPlatforms) = postSolution
		{507EFCDD-B85E-402E-AECD-9DBDD72F15CB}.Debug|Any CPU.ActiveCfg = Debug|Any CPU
		{507EFCDD-B85E-402E-AECD-9DBDD72F15CB}.Debug|Any CPU.Build.0 = Debug|Any CPU
		{507EFCDD-B85E-402E-AECD-9DBDD72F15CB}.Release|Any CPU.ActiveCfg = Release|Any CPU
		{507EFCDD-B85E-402E-AECD-9DBDD72F15CB}.Release|Any CPU.Build.0 = Release|Any CPU
	EndGlobalSection
	GlobalSection(SolutionProperties) = preSolution
		HideSolutionNode = FALSE
	EndGlobalSection
	GlobalSection(ExtensibilityGlobals) = postSolution
		SolutionGuid = {01A36D7B-BDC7-48D6-95EE-20CC899C1BE8}
	EndGlobalSection
EndGlobal
